
Microsoft Visual Studio Solution File, Format Version 12.00
# Visual Studio Version 17
VisualStudioVersion = 17.2.32526.322
MinimumVisualStudioVersion = 10.0.40219.1
Project("{FAE04EC0-301F-11D3-BF4B-00C04F79EFBC}") = "HealthLinkWebApp", "HealthLinkWebApp\HealthLinkWebApp.csproj", "{6191C750-B358-4C11-B2E4-AC7A5C7D7D82}"
EndProject
Global
	GlobalSection(SolutionConfigurationPlatforms) = preSolution
		Debug|Any CPU = Debug|Any CPU
		Release|Any CPU = Release|Any CPU
	EndGlobalSection
	GlobalSection(ProjectConfigurationPlatforms) = postSolution
		{6191C750-B358-4C11-B2E4-AC7A5C7D7D82}.Debug|Any CPU.ActiveCfg = Debug|Any CPU
		{6191C750-B358-4C11-B2E4-AC7A5C7D7D82}.Debug|Any CPU.Build.0 = Debug|Any CPU
		{6191C750-B358-4C11-B2E4-AC7A5C7D7D82}.Release|Any CPU.ActiveCfg = Release|Any CPU
		{6191C750-B358-4C11-B2E4-AC7A5C7D7D82}.Release|Any CPU.Build.0 = Release|Any CPU
	EndGlobalSection
	GlobalSection(SolutionProperties) = preSolution
		HideSolutionNode = FALSE
	EndGlobalSection
	GlobalSection(ExtensibilityGlobals) = postSolution
		SolutionGuid = {17CAB8F2-6912-4353-96CC-78E37F886805}
	EndGlobalSection
EndGlobal
